// !$*UTF8*$!
{
	archiveVersion = 1;
	classes = {
	};
	objectVersion = 46;
	objects = {

/* Begin PBXBuildFile section */
		1D67FE021DAE0CEB00032024 /* AppDelegate.swift in Sources */ = {isa = PBXBuildFile; fileRef = 1D67FE011DAE0CEB00032024 /* AppDelegate.swift */; };
		1D67FE071DAE0CEB00032024 /* Main.storyboard in Resources */ = {isa = PBXBuildFile; fileRef = 1D67FE051DAE0CEB00032024 /* Main.storyboard */; };
		1D67FE091DAE0CEB00032024 /* Assets.xcassets in Resources */ = {isa = PBXBuildFile; fileRef = 1D67FE081DAE0CEB00032024 /* Assets.xcassets */; };
		1D67FE0C1DAE0CEB00032024 /* LaunchScreen.storyboard in Resources */ = {isa = PBXBuildFile; fileRef = 1D67FE0A1DAE0CEB00032024 /* LaunchScreen.storyboard */; };
		1D67FE161DAE13FA00032024 /* MoviesViewController.swift in Sources */ = {isa = PBXBuildFile; fileRef = 1D67FE151DAE13FA00032024 /* MoviesViewController.swift */; };
		1D67FE181DAE22A700032024 /* MovieCell.swift in Sources */ = {isa = PBXBuildFile; fileRef = 1D67FE171DAE22A700032024 /* MovieCell.swift */; };
		1D8DC90F1DAF4DCD005CA11F /* MovieDetailsViewController.swift in Sources */ = {isa = PBXBuildFile; fileRef = 1D8DC90E1DAF4DCD005CA11F /* MovieDetailsViewController.swift */; };
		E765FF6E42D3131EF88DCBC2 /* Pods_flicks.framework in Frameworks */ = {isa = PBXBuildFile; fileRef = F6DE2709892B15AD9CE7DEFB /* Pods_flicks.framework */; };
/* End PBXBuildFile section */

/* Begin PBXFileReference section */
		1D67FDFE1DAE0CEB00032024 /* flicks.app */ = {isa = PBXFileReference; explicitFileType = wrapper.application; includeInIndex = 0; path = flicks.app; sourceTree = BUILT_PRODUCTS_DIR; };
		1D67FE011DAE0CEB00032024 /* AppDelegate.swift */ = {isa = PBXFileReference; lastKnownFileType = sourcecode.swift; path = AppDelegate.swift; sourceTree = "<group>"; };
		1D67FE061DAE0CEB00032024 /* Base */ = {isa = PBXFileReference; lastKnownFileType = file.storyboard; name = Base; path = Base.lproj/Main.storyboard; sourceTree = "<group>"; };
		1D67FE081DAE0CEB00032024 /* Assets.xcassets */ = {isa = PBXFileReference; lastKnownFileType = folder.assetcatalog; path = Assets.xcassets; sourceTree = "<group>"; };
		1D67FE0B1DAE0CEB00032024 /* Base */ = {isa = PBXFileReference; lastKnownFileType = file.storyboard; name = Base; path = Base.lproj/LaunchScreen.storyboard; sourceTree = "<group>"; };
		1D67FE0D1DAE0CEB00032024 /* Info.plist */ = {isa = PBXFileReference; lastKnownFileType = text.plist.xml; path = Info.plist; sourceTree = "<group>"; };
		1D67FE151DAE13FA00032024 /* MoviesViewController.swift */ = {isa = PBXFileReference; fileEncoding = 4; lastKnownFileType = sourcecode.swift; path = MoviesViewController.swift; sourceTree = "<group>"; };
		1D67FE171DAE22A700032024 /* MovieCell.swift */ = {isa = PBXFileReference; fileEncoding = 4; lastKnownFileType = sourcecode.swift; path = MovieCell.swift; sourceTree = "<group>"; };
		1D8DC90E1DAF4DCD005CA11F /* MovieDetailsViewController.swift */ = {isa = PBXFileReference; fileEncoding = 4; lastKnownFileType = sourcecode.swift; path = MovieDetailsViewController.swift; sourceTree = "<group>"; };
		445C6AE3A4921AC4A38FCB69 /* Pods-flicks.release.xcconfig */ = {isa = PBXFileReference; includeInIndex = 1; lastKnownFileType = text.xcconfig; name = "Pods-flicks.release.xcconfig"; path = "Pods/Target Support Files/Pods-flicks/Pods-flicks.release.xcconfig"; sourceTree = "<group>"; };
		5B95EB35151CCCC074B4F26B /* Pods-flicks.debug.xcconfig */ = {isa = PBXFileReference; includeInIndex = 1; lastKnownFileType = text.xcconfig; name = "Pods-flicks.debug.xcconfig"; path = "Pods/Target Support Files/Pods-flicks/Pods-flicks.debug.xcconfig"; sourceTree = "<group>"; };
		F6DE2709892B15AD9CE7DEFB /* Pods_flicks.framework */ = {isa = PBXFileReference; explicitFileType = wrapper.framework; includeInIndex = 0; path = Pods_flicks.framework; sourceTree = BUILT_PRODUCTS_DIR; };
/* End PBXFileReference section */

/* Begin PBXFrameworksBuildPhase section */
		1D67FDFB1DAE0CEB00032024 /* Frameworks */ = {
			isa = PBXFrameworksBuildPhase;
			buildActionMask = 2147483647;
			files = (
				E765FF6E42D3131EF88DCBC2 /* Pods_flicks.framework in Frameworks */,
			);
			runOnlyForDeploymentPostprocessing = 0;
		};
/* End PBXFrameworksBuildPhase section */

/* Begin PBXGroup section */
		1D67FDF51DAE0CEB00032024 = {
			isa = PBXGroup;
			children = (
				1D67FE001DAE0CEB00032024 /* flicks */,
				1D67FDFF1DAE0CEB00032024 /* Products */,
				5F029E802218DAC2643C0FDF /* Pods */,
				9006216B1D2345EAF89FC104 /* Frameworks */,
			);
			sourceTree = "<group>";
		};
		1D67FDFF1DAE0CEB00032024 /* Products */ = {
			isa = PBXGroup;
			children = (
				1D67FDFE1DAE0CEB00032024 /* flicks.app */,
			);
			name = Products;
			sourceTree = "<group>";
		};
		1D67FE001DAE0CEB00032024 /* flicks */ = {
			isa = PBXGroup;
			children = (
				1D67FE191DAE22B400032024 /* View Controllers */,
				1D67FE171DAE22A700032024 /* MovieCell.swift */,
				1D67FE011DAE0CEB00032024 /* AppDelegate.swift */,
				1D67FE051DAE0CEB00032024 /* Main.storyboard */,
				1D67FE081DAE0CEB00032024 /* Assets.xcassets */,
				1D67FE0A1DAE0CEB00032024 /* LaunchScreen.storyboard */,
				1D67FE0D1DAE0CEB00032024 /* Info.plist */,
			);
			path = flicks;
			sourceTree = "<group>";
		};
		1D67FE191DAE22B400032024 /* View Controllers */ = {
			isa = PBXGroup;
			children = (
				1D67FE151DAE13FA00032024 /* MoviesViewController.swift */,
				1D8DC90E1DAF4DCD005CA11F /* MovieDetailsViewController.swift */,
			);
			name = "View Controllers";
			sourceTree = "<group>";
		};
		5F029E802218DAC2643C0FDF /* Pods */ = {
			isa = PBXGroup;
			children = (
				5B95EB35151CCCC074B4F26B /* Pods-flicks.debug.xcconfig */,
				445C6AE3A4921AC4A38FCB69 /* Pods-flicks.release.xcconfig */,
			);
			name = Pods;
			sourceTree = "<group>";
		};
		9006216B1D2345EAF89FC104 /* Frameworks */ = {
			isa = PBXGroup;
			children = (
				F6DE2709892B15AD9CE7DEFB /* Pods_flicks.framework */,
			);
			name = Frameworks;
			sourceTree = "<group>";
		};
/* End PBXGroup section */

/* Begin PBXNativeTarget section */
		1D67FDFD1DAE0CEB00032024 /* flicks */ = {
			isa = PBXNativeTarget;
			buildConfigurationList = 1D67FE101DAE0CEB00032024 /* Build configuration list for PBXNativeTarget "flicks" */;
			buildPhases = (
				03AA0C3CF1A5F3632466245C /* [CP] Check Pods Manifest.lock */,
				1D67FDFA1DAE0CEB00032024 /* Sources */,
				1D67FDFB1DAE0CEB00032024 /* Frameworks */,
				1D67FDFC1DAE0CEB00032024 /* Resources */,
				EC8EAEA5E91C700FBF9736AB /* [CP] Embed Pods Frameworks */,
				EDA5E2589ABD20C79DB93585 /* [CP] Copy Pods Resources */,
			);
			buildRules = (
			);
			dependencies = (
			);
			name = flicks;
			productName = flicks;
			productReference = 1D67FDFE1DAE0CEB00032024 /* flicks.app */;
			productType = "com.apple.product-type.application";
		};
/* End PBXNativeTarget section */

/* Begin PBXProject section */
		1D67FDF61DAE0CEB00032024 /* Project object */ = {
			isa = PBXProject;
			attributes = {
				LastSwiftUpdateCheck = 0800;
				LastUpgradeCheck = 0800;
				ORGANIZATIONNAME = "Carina Boo";
				TargetAttributes = {
					1D67FDFD1DAE0CEB00032024 = {
						CreatedOnToolsVersion = 8.0;
						ProvisioningStyle = Automatic;
					};
				};
			};
			buildConfigurationList = 1D67FDF91DAE0CEB00032024 /* Build configuration list for PBXProject "flicks" */;
			compatibilityVersion = "Xcode 3.2";
			developmentRegion = English;
			hasScannedForEncodings = 0;
			knownRegions = (
				en,
				Base,
			);
			mainGroup = 1D67FDF51DAE0CEB00032024;
			productRefGroup = 1D67FDFF1DAE0CEB00032024 /* Products */;
			projectDirPath = "";
			projectRoot = "";
			targets = (
				1D67FDFD1DAE0CEB00032024 /* flicks */,
			);
		};
/* End PBXProject section */

/* Begin PBXResourcesBuildPhase section */
		1D67FDFC1DAE0CEB00032024 /* Resources */ = {
			isa = PBXResourcesBuildPhase;
			buildActionMask = 2147483647;
			files = (
				1D67FE0C1DAE0CEB00032024 /* LaunchScreen.storyboard in Resources */,
				1D67FE091DAE0CEB00032024 /* Assets.xcassets in Resources */,
				1D67FE071DAE0CEB00032024 /* Main.storyboard in Resources */,
			);
			runOnlyForDeploymentPostprocessing = 0;
		};
/* End PBXResourcesBuildPhase section */

/* Begin PBXShellScriptBuildPhase section */
		03AA0C3CF1A5F3632466245C /* [CP] Check Pods Manifest.lock */ = {
			isa = PBXShellScriptBuildPhase;
			buildActionMask = 2147483647;
			files = (
			);
			inputPaths = (
			);
			name = "[CP] Check Pods Manifest.lock";
			outputPaths = (
			);
			runOnlyForDeploymentPostprocessing = 0;
			shellPath = /bin/sh;
			shellScript = "diff \"${PODS_ROOT}/../Podfile.lock\" \"${PODS_ROOT}/Manifest.lock\" > /dev/null\nif [ $? != 0 ] ; then\n    # print error to STDERR\n    echo \"error: The sandbox is not in sync with the Podfile.lock. Run 'pod install' or update your CocoaPods installation.\" >&2\n    exit 1\nfi\n";
			showEnvVarsInLog = 0;
		};
		EC8EAEA5E91C700FBF9736AB /* [CP] Embed Pods Frameworks */ = {
			isa = PBXShellScriptBuildPhase;
			buildActionMask = 2147483647;
			files = (
			);
			inputPaths = (
			);
			name = "[CP] Embed Pods Frameworks";
			outputPaths = (
			);
			runOnlyForDeploymentPostprocessing = 0;
			shellPath = /bin/sh;
			shellScript = "\"${SRCROOT}/Pods/Target Support Files/Pods-flicks/Pods-flicks-frameworks.sh\"\n";
			showEnvVarsInLog = 0;
		};
		EDA5E2589ABD20C79DB93585 /* [CP] Copy Pods Resources */ = {
			isa = PBXShellScriptBuildPhase;
			buildActionMask = 2147483647;
			files = (
			);
			inputPaths = (
			);
			name = "[CP] Copy Pods Resources";
			outputPaths = (
			);
			runOnlyForDeploymentPostprocessing = 0;
			shellPath = /bin/sh;
			shellScript = "\"${SRCROOT}/Pods/Target Support Files/Pods-flicks/Pods-flicks-resources.sh\"\n";
			showEnvVarsInLog = 0;
		};
/* End PBXShellScriptBuildPhase section */

/* Begin PBXSourcesBuildPhase section */
		1D67FDFA1DAE0CEB00032024 /* Sources */ = {
			isa = PBXSourcesBuildPhase;
			buildActionMask = 2147483647;
			files = (
				1D8DC90F1DAF4DCD005CA11F /* MovieDetailsViewController.swift in Sources */,
				1D67FE021DAE0CEB00032024 /* AppDelegate.swift in Sources */,
				1D67FE161DAE13FA00032024 /* MoviesViewController.swift in Sources */,
				1D67FE181DAE22A700032024 /* MovieCell.swift in Sources */,
			);
			runOnlyForDeploymentPostprocessing = 0;
		};
/* End PBXSourcesBuildPhase section */

/* Begin PBXVariantGroup section */
		1D67FE051DAE0CEB00032024 /* Main.storyboard */ = {
			isa = PBXVariantGroup;
			children = (
				1D67FE061DAE0CEB00032024 /* Base */,
			);
			name = Main.storyboard;
			sourceTree = "<group>";
		};
		1D67FE0A1DAE0CEB00032024 /* LaunchScreen.storyboard */ = {
			isa = PBXVariantGroup;
			children = (
				1D67FE0B1DAE0CEB00032024 /* Base */,
			);
			name = LaunchScreen.storyboard;
			sourceTree = "<group>";
		};
/* End PBXVariantGroup section */

/* Begin XCBuildConfiguration section */
		1D67FE0E1DAE0CEB00032024 /* Debug */ = {
			isa = XCBuildConfiguration;
			buildSettings = {
				ALWAYS_SEARCH_USER_PATHS = NO;
				CLANG_ANALYZER_NONNULL = YES;
				CLANG_CXX_LANGUAGE_STANDARD = "gnu++0x";
				CLANG_CXX_LIBRARY = "libc++";
				CLANG_ENABLE_MODULES = YES;
				CLANG_ENABLE_OBJC_ARC = YES;
				CLANG_WARN_BOOL_CONVERSION = YES;
				CLANG_WARN_CONSTANT_CONVERSION = YES;
				CLANG_WARN_DIRECT_OBJC_ISA_USAGE = YES_ERROR;
				CLANG_WARN_DOCUMENTATION_COMMENTS = YES;
				CLANG_WARN_EMPTY_BODY = YES;
				CLANG_WARN_ENUM_CONVERSION = YES;
				CLANG_WARN_INFINITE_RECURSION = YES;
				CLANG_WARN_INT_CONVERSION = YES;
				CLANG_WARN_OBJC_ROOT_CLASS = YES_ERROR;
				CLANG_WARN_SUSPICIOUS_MOVES = YES;
				CLANG_WARN_UNREACHABLE_CODE = YES;
				CLANG_WARN__DUPLICATE_METHOD_MATCH = YES;
				"CODE_SIGN_IDENTITY[sdk=iphoneos*]" = "iPhone Developer";
				COPY_PHASE_STRIP = NO;
				DEBUG_INFORMATION_FORMAT = dwarf;
				ENABLE_STRICT_OBJC_MSGSEND = YES;
				ENABLE_TESTABILITY = YES;
				GCC_C_LANGUAGE_STANDARD = gnu99;
				GCC_DYNAMIC_NO_PIC = NO;
				GCC_NO_COMMON_BLOCKS = YES;
				GCC_OPTIMIZATION_LEVEL = 0;
				GCC_PREPROCESSOR_DEFINITIONS = (
					"DEBUG=1",
					"$(inherited)",
				);
				GCC_WARN_64_TO_32_BIT_CONVERSION = YES;
				GCC_WARN_ABOUT_RETURN_TYPE = YES_ERROR;
				GCC_WARN_UNDECLARED_SELECTOR = YES;
				GCC_WARN_UNINITIALIZED_AUTOS = YES_AGGRESSIVE;
				GCC_WARN_UNUSED_FUNCTION = YES;
				GCC_WARN_UNUSED_VARIABLE = YES;
				IPHONEOS_DEPLOYMENT_TARGET = 10.0;
				MTL_ENABLE_DEBUG_INFO = YES;
				ONLY_ACTIVE_ARCH = YES;
				SDKROOT = iphoneos;
				SWIFT_ACTIVE_COMPILATION_CONDITIONS = DEBUG;
				SWIFT_OPTIMIZATION_LEVEL = "-Onone";
			};
			name = Debug;
		};
		1D67FE0F1DAE0CEB00032024 /* Release */ = {
			isa = XCBuildConfiguration;
			buildSettings = {
				ALWAYS_SEARCH_USER_PATHS = NO;
				CLANG_ANALYZER_NONNULL = YES;
				CLANG_CXX_LANGUAGE_STANDARD = "gnu++0x";
				CLANG_CXX_LIBRARY = "libc++";
				CLANG_ENABLE_MODULES = YES;
				CLANG_ENABLE_OBJC_ARC = YES;
				CLANG_WARN_BOOL_CONVERSION = YES;
				CLANG_WARN_CONSTANT_CONVERSION = YES;
				CLANG_WARN_DIRECT_OBJC_ISA_USAGE = YES_ERROR;
				CLANG_WARN_DOCUMENTATION_COMMENTS = YES;
				CLANG_WARN_EMPTY_BODY = YES;
				CLANG_WARN_ENUM_CONVERSION = YES;
				CLANG_WARN_INFINITE_RECURSION = YES;
				CLANG_WARN_INT_CONVERSION = YES;
				CLANG_WARN_OBJC_ROOT_CLASS = YES_ERROR;
				CLANG_WARN_SUSPICIOUS_MOVES = YES;
				CLANG_WARN_UNREACHABLE_CODE = YES;
				CLANG_WARN__DUPLICATE_METHOD_MATCH = YES;
				"CODE_SIGN_IDENTITY[sdk=iphoneos*]" = "iPhone Developer";
				COPY_PHASE_STRIP = NO;
				DEBUG_INFORMATION_FORMAT = "dwarf-with-dsym";
				ENABLE_NS_ASSERTIONS = NO;
				ENABLE_STRICT_OBJC_MSGSEND = YES;
				GCC_C_LANGUAGE_STANDARD = gnu99;
				GCC_NO_COMMON_BLOCKS = YES;
				GCC_WARN_64_TO_32_BIT_CONVERSION = YES;
				GCC_WARN_ABOUT_RETURN_TYPE = YES_ERROR;
				GCC_WARN_UNDECLARED_SELECTOR = YES;
				GCC_WARN_UNINITIALIZED_AUTOS = YES_AGGRESSIVE;
				GCC_WARN_UNUSED_FUNCTION = YES;
				GCC_WARN_UNUSED_VARIABLE = YES;
				IPHONEOS_DEPLOYMENT_TARGET = 10.0;
				MTL_ENABLE_DEBUG_INFO = NO;
				SDKROOT = iphoneos;
				SWIFT_OPTIMIZATION_LEVEL = "-Owholemodule";
				VALIDATE_PRODUCT = YES;
			};
			name = Release;
		};
		1D67FE111DAE0CEB00032024 /* Debug */ = {
			isa = XCBuildConfiguration;
			baseConfigurationReference = 5B95EB35151CCCC074B4F26B /* Pods-flicks.debug.xcconfig */;
			buildSettings = {
				ASSETCATALOG_COMPILER_APPICON_NAME = AppIcon;
				INFOPLIST_FILE = flicks/Info.plist;
				LD_RUNPATH_SEARCH_PATHS = "$(inherited) @executable_path/Frameworks";
				PRODUCT_BUNDLE_IDENTIFIER = com.carinaboo.flicks;
				PRODUCT_NAME = "$(TARGET_NAME)";
				SWIFT_VERSION = 3.0;
			};
			name = Debug;
		};
		1D67FE121DAE0CEB00032024 /* Release */ = {
			isa = XCBuildConfiguration;
			baseConfigurationReference = 445C6AE3A4921AC4A38FCB69 /* Pods-flicks.release.xcconfig */;
			buildSettings = {
				ASSETCATALOG_COMPILER_APPICON_NAME = AppIcon;
				INFOPLIST_FILE = flicks/Info.plist;
				LD_RUNPATH_SEARCH_PATHS = "$(inherited) @executable_path/Frameworks";
				PRODUCT_BUNDLE_IDENTIFIER = com.carinaboo.flicks;
				PRODUCT_NAME = "$(TARGET_NAME)";
				SWIFT_VERSION = 3.0;
			};
			name = Release;
		};
/* End XCBuildConfiguration section */

/* Begin XCConfigurationList section */
		1D67FDF91DAE0CEB00032024 /* Build configuration list for PBXProject "flicks" */ = {
			isa = XCConfigurationList;
			buildConfigurations = (
				1D67FE0E1DAE0CEB00032024 /* Debug */,
				1D67FE0F1DAE0CEB00032024 /* Release */,
			);
			defaultConfigurationIsVisible = 0;
			defaultConfigurationName = Release;
		};
		1D67FE101DAE0CEB00032024 /* Build configuration list for PBXNativeTarget "flicks" */ = {
			isa = XCConfigurationList;
			buildConfigurations = (
				1D67FE111DAE0CEB00032024 /* Debug */,
				1D67FE121DAE0CEB00032024 /* Release */,
			);
			defaultConfigurationIsVisible = 0;
			defaultConfigurationName = Release;
		};
/* End XCConfigurationList section */
	};
	rootObject = 1D67FDF61DAE0CEB00032024 /* Project object */;
}
